// !$*UTF8*$!
{
	archiveVersion = 1;
	classes = {
	};
	objectVersion = 56;
	objects = {

/* Begin PBXBuildFile section */
		2493AEE3291E13C200DD636E /* Quizlet_ishApp.swift in Sources */ = {isa = PBXBuildFile; fileRef = 2493AEE2291E13C200DD636E /* Quizlet_ishApp.swift */; };
		2493AEE5291E13C200DD636E /* ContentView.swift in Sources */ = {isa = PBXBuildFile; fileRef = 2493AEE4291E13C200DD636E /* ContentView.swift */; };
		2493AEE7291E13C500DD636E /* Assets.xcassets in Resources */ = {isa = PBXBuildFile; fileRef = 2493AEE6291E13C500DD636E /* Assets.xcassets */; };
		2493AEEA291E13C500DD636E /* Preview Assets.xcassets in Resources */ = {isa = PBXBuildFile; fileRef = 2493AEE9291E13C500DD636E /* Preview Assets.xcassets */; };
		2493AEF2291E18D400DD636E /* FirebaseAnalytics in Frameworks */ = {isa = PBXBuildFile; productRef = 2493AEF1291E18D400DD636E /* FirebaseAnalytics */; };
		2493AEF4291E18D400DD636E /* FirebaseAnalyticsOnDeviceConversion in Frameworks */ = {isa = PBXBuildFile; productRef = 2493AEF3291E18D400DD636E /* FirebaseAnalyticsOnDeviceConversion */; };
		2493AEF6291E18D400DD636E /* FirebaseAnalyticsSwift in Frameworks */ = {isa = PBXBuildFile; productRef = 2493AEF5291E18D400DD636E /* FirebaseAnalyticsSwift */; };
		2493AEF8291E18D400DD636E /* FirebaseAnalyticsWithoutAdIdSupport in Frameworks */ = {isa = PBXBuildFile; productRef = 2493AEF7291E18D400DD636E /* FirebaseAnalyticsWithoutAdIdSupport */; };
		2493AEFA291E18D400DD636E /* FirebaseAppCheck in Frameworks */ = {isa = PBXBuildFile; productRef = 2493AEF9291E18D400DD636E /* FirebaseAppCheck */; };
		2493AEFC291E18D400DD636E /* FirebaseAppDistribution-Beta in Frameworks */ = {isa = PBXBuildFile; productRef = 2493AEFB291E18D400DD636E /* FirebaseAppDistribution-Beta */; };
		2493AEFE291E18D400DD636E /* FirebaseAuth in Frameworks */ = {isa = PBXBuildFile; productRef = 2493AEFD291E18D400DD636E /* FirebaseAuth */; };
		2493AF00291E18D400DD636E /* FirebaseAuthCombine-Community in Frameworks */ = {isa = PBXBuildFile; productRef = 2493AEFF291E18D400DD636E /* FirebaseAuthCombine-Community */; };
		2493AF02291E18D400DD636E /* FirebaseCrashlytics in Frameworks */ = {isa = PBXBuildFile; productRef = 2493AF01291E18D400DD636E /* FirebaseCrashlytics */; };
		2493AF04291E18D400DD636E /* FirebaseDatabase in Frameworks */ = {isa = PBXBuildFile; productRef = 2493AF03291E18D400DD636E /* FirebaseDatabase */; };
		2493AF06291E18D400DD636E /* FirebaseDatabaseSwift in Frameworks */ = {isa = PBXBuildFile; productRef = 2493AF05291E18D400DD636E /* FirebaseDatabaseSwift */; };
		2493AF08291E18D400DD636E /* FirebaseDynamicLinks in Frameworks */ = {isa = PBXBuildFile; productRef = 2493AF07291E18D400DD636E /* FirebaseDynamicLinks */; };
		2493AF0A291E18D400DD636E /* FirebaseFirestore in Frameworks */ = {isa = PBXBuildFile; productRef = 2493AF09291E18D400DD636E /* FirebaseFirestore */; };
		2493AF0C291E18D400DD636E /* FirebaseFirestoreCombine-Community in Frameworks */ = {isa = PBXBuildFile; productRef = 2493AF0B291E18D400DD636E /* FirebaseFirestoreCombine-Community */; };
		2493AF0E291E18D400DD636E /* FirebaseFirestoreSwift in Frameworks */ = {isa = PBXBuildFile; productRef = 2493AF0D291E18D400DD636E /* FirebaseFirestoreSwift */; };
		2493AF10291E18D400DD636E /* FirebaseFunctions in Frameworks */ = {isa = PBXBuildFile; productRef = 2493AF0F291E18D400DD636E /* FirebaseFunctions */; };
		2493AF12291E18D400DD636E /* FirebaseFunctionsCombine-Community in Frameworks */ = {isa = PBXBuildFile; productRef = 2493AF11291E18D400DD636E /* FirebaseFunctionsCombine-Community */; };
		2493AF14291E18D400DD636E /* FirebaseInAppMessaging-Beta in Frameworks */ = {isa = PBXBuildFile; productRef = 2493AF13291E18D400DD636E /* FirebaseInAppMessaging-Beta */; };
		2493AF16291E18D400DD636E /* FirebaseInAppMessagingSwift-Beta in Frameworks */ = {isa = PBXBuildFile; productRef = 2493AF15291E18D400DD636E /* FirebaseInAppMessagingSwift-Beta */; };
		2493AF18291E18D400DD636E /* FirebaseInstallations in Frameworks */ = {isa = PBXBuildFile; productRef = 2493AF17291E18D400DD636E /* FirebaseInstallations */; };
		2493AF1A291E18D400DD636E /* FirebaseMLModelDownloader in Frameworks */ = {isa = PBXBuildFile; productRef = 2493AF19291E18D400DD636E /* FirebaseMLModelDownloader */; };
		2493AF1C291E18D400DD636E /* FirebaseMessaging in Frameworks */ = {isa = PBXBuildFile; productRef = 2493AF1B291E18D400DD636E /* FirebaseMessaging */; };
		2493AF1E291E18D400DD636E /* FirebasePerformance in Frameworks */ = {isa = PBXBuildFile; productRef = 2493AF1D291E18D400DD636E /* FirebasePerformance */; };
		2493AF20291E18D400DD636E /* FirebaseRemoteConfig in Frameworks */ = {isa = PBXBuildFile; productRef = 2493AF1F291E18D400DD636E /* FirebaseRemoteConfig */; };
		2493AF22291E18D400DD636E /* FirebaseRemoteConfigSwift in Frameworks */ = {isa = PBXBuildFile; productRef = 2493AF21291E18D400DD636E /* FirebaseRemoteConfigSwift */; };
		2493AF24291E18D400DD636E /* FirebaseStorage in Frameworks */ = {isa = PBXBuildFile; productRef = 2493AF23291E18D400DD636E /* FirebaseStorage */; };
		2493AF26291E18D400DD636E /* FirebaseStorageCombine-Community in Frameworks */ = {isa = PBXBuildFile; productRef = 2493AF25291E18D400DD636E /* FirebaseStorageCombine-Community */; };
		2493AF2B291E1A5100DD636E /* Card.swift in Sources */ = {isa = PBXBuildFile; fileRef = 2493AF2A291E1A5100DD636E /* Card.swift */; };
		2493AF2E291E1A7100DD636E /* CardListViewModel.swift in Sources */ = {isa = PBXBuildFile; fileRef = 2493AF2D291E1A7100DD636E /* CardListViewModel.swift */; };
		2493AF30291E1A7C00DD636E /* CardViewModel.swift in Sources */ = {isa = PBXBuildFile; fileRef = 2493AF2F291E1A7C00DD636E /* CardViewModel.swift */; };
		2493AF34291E1AA900DD636E /* NewCardForm.swift in Sources */ = {isa = PBXBuildFile; fileRef = 2493AF33291E1AA900DD636E /* NewCardForm.swift */; };
		2493AF36291E1AB600DD636E /* CardView.swift in Sources */ = {isa = PBXBuildFile; fileRef = 2493AF35291E1AB600DD636E /* CardView.swift */; };
		2493AF38291E1AC200DD636E /* CardListView.swift in Sources */ = {isa = PBXBuildFile; fileRef = 2493AF37291E1AC200DD636E /* CardListView.swift */; };
		2493AF3B291E1AE200DD636E /* AuthenticationService.swift in Sources */ = {isa = PBXBuildFile; fileRef = 2493AF3A291E1AE200DD636E /* AuthenticationService.swift */; };
		2493AF3F291E1BF300DD636E /* CardRepository.swift in Sources */ = {isa = PBXBuildFile; fileRef = 2493AF3E291E1BF300DD636E /* CardRepository.swift */; };
/* End PBXBuildFile section */

/* Begin PBXFileReference section */
		2493AEDF291E13C200DD636E /* Quizlet-ish.app */ = {isa = PBXFileReference; explicitFileType = wrapper.application; includeInIndex = 0; path = "Quizlet-ish.app"; sourceTree = BUILT_PRODUCTS_DIR; };
		2493AEE2291E13C200DD636E /* Quizlet_ishApp.swift */ = {isa = PBXFileReference; lastKnownFileType = sourcecode.swift; path = Quizlet_ishApp.swift; sourceTree = "<group>"; };
		2493AEE4291E13C200DD636E /* ContentView.swift */ = {isa = PBXFileReference; lastKnownFileType = sourcecode.swift; path = ContentView.swift; sourceTree = "<group>"; };
		2493AEE6291E13C500DD636E /* Assets.xcassets */ = {isa = PBXFileReference; lastKnownFileType = folder.assetcatalog; path = Assets.xcassets; sourceTree = "<group>"; };
		2493AEE9291E13C500DD636E /* Preview Assets.xcassets */ = {isa = PBXFileReference; lastKnownFileType = folder.assetcatalog; path = "Preview Assets.xcassets"; sourceTree = "<group>"; };
		2493AF2A291E1A5100DD636E /* Card.swift */ = {isa = PBXFileReference; lastKnownFileType = sourcecode.swift; path = Card.swift; sourceTree = "<group>"; };
		2493AF2D291E1A7100DD636E /* CardListViewModel.swift */ = {isa = PBXFileReference; lastKnownFileType = sourcecode.swift; path = CardListViewModel.swift; sourceTree = "<group>"; };
		2493AF2F291E1A7C00DD636E /* CardViewModel.swift */ = {isa = PBXFileReference; lastKnownFileType = sourcecode.swift; path = CardViewModel.swift; sourceTree = "<group>"; };
		2493AF33291E1AA900DD636E /* NewCardForm.swift */ = {isa = PBXFileReference; lastKnownFileType = sourcecode.swift; path = NewCardForm.swift; sourceTree = "<group>"; };
		2493AF35291E1AB600DD636E /* CardView.swift */ = {isa = PBXFileReference; lastKnownFileType = sourcecode.swift; path = CardView.swift; sourceTree = "<group>"; };
		2493AF37291E1AC200DD636E /* CardListView.swift */ = {isa = PBXFileReference; lastKnownFileType = sourcecode.swift; path = CardListView.swift; sourceTree = "<group>"; };
		2493AF3A291E1AE200DD636E /* AuthenticationService.swift */ = {isa = PBXFileReference; lastKnownFileType = sourcecode.swift; path = AuthenticationService.swift; sourceTree = "<group>"; };
		2493AF3E291E1BF300DD636E /* CardRepository.swift */ = {isa = PBXFileReference; lastKnownFileType = sourcecode.swift; path = CardRepository.swift; sourceTree = "<group>"; };
/* End PBXFileReference section */

/* Begin PBXFrameworksBuildPhase section */
		2493AEDC291E13C200DD636E /* Frameworks */ = {
			isa = PBXFrameworksBuildPhase;
			buildActionMask = 2147483647;
			files = (
				2493AF04291E18D400DD636E /* FirebaseDatabase in Frameworks */,
				2493AF12291E18D400DD636E /* FirebaseFunctionsCombine-Community in Frameworks */,
				2493AF0A291E18D400DD636E /* FirebaseFirestore in Frameworks */,
				2493AEF6291E18D400DD636E /* FirebaseAnalyticsSwift in Frameworks */,
				2493AEF2291E18D400DD636E /* FirebaseAnalytics in Frameworks */,
				2493AEF4291E18D400DD636E /* FirebaseAnalyticsOnDeviceConversion in Frameworks */,
				2493AF1A291E18D400DD636E /* FirebaseMLModelDownloader in Frameworks */,
				2493AF0E291E18D400DD636E /* FirebaseFirestoreSwift in Frameworks */,
				2493AEFA291E18D400DD636E /* FirebaseAppCheck in Frameworks */,
				2493AEF8291E18D400DD636E /* FirebaseAnalyticsWithoutAdIdSupport in Frameworks */,
				2493AEFE291E18D400DD636E /* FirebaseAuth in Frameworks */,
				2493AF02291E18D400DD636E /* FirebaseCrashlytics in Frameworks */,
				2493AF22291E18D400DD636E /* FirebaseRemoteConfigSwift in Frameworks */,
				2493AF14291E18D400DD636E /* FirebaseInAppMessaging-Beta in Frameworks */,
				2493AF06291E18D400DD636E /* FirebaseDatabaseSwift in Frameworks */,
				2493AF10291E18D400DD636E /* FirebaseFunctions in Frameworks */,
				2493AF26291E18D400DD636E /* FirebaseStorageCombine-Community in Frameworks */,
				2493AF20291E18D400DD636E /* FirebaseRemoteConfig in Frameworks */,
				2493AEFC291E18D400DD636E /* FirebaseAppDistribution-Beta in Frameworks */,
				2493AF00291E18D400DD636E /* FirebaseAuthCombine-Community in Frameworks */,
				2493AF1E291E18D400DD636E /* FirebasePerformance in Frameworks */,
				2493AF16291E18D400DD636E /* FirebaseInAppMessagingSwift-Beta in Frameworks */,
				2493AF24291E18D400DD636E /* FirebaseStorage in Frameworks */,
				2493AF08291E18D400DD636E /* FirebaseDynamicLinks in Frameworks */,
				2493AF0C291E18D400DD636E /* FirebaseFirestoreCombine-Community in Frameworks */,
				2493AF1C291E18D400DD636E /* FirebaseMessaging in Frameworks */,
				2493AF18291E18D400DD636E /* FirebaseInstallations in Frameworks */,
			);
			runOnlyForDeploymentPostprocessing = 0;
		};
/* End PBXFrameworksBuildPhase section */

/* Begin PBXGroup section */
		2493AED6291E13C200DD636E = {
			isa = PBXGroup;
			children = (
				2493AEE1291E13C200DD636E /* Quizlet-ish */,
				2493AEE0291E13C200DD636E /* Products */,
			);
			sourceTree = "<group>";
		};
		2493AEE0291E13C200DD636E /* Products */ = {
			isa = PBXGroup;
			children = (
				2493AEDF291E13C200DD636E /* Quizlet-ish.app */,
			);
			name = Products;
			sourceTree = "<group>";
		};
		2493AEE1291E13C200DD636E /* Quizlet-ish */ = {
			isa = PBXGroup;
			children = (
				2493AF39291E1ACD00DD636E /* Services */,
				2493AF32291E1A9100DD636E /* Views */,
				2493AF2C291E1A5F00DD636E /* ViewModels */,
				2493AF29291E1A3E00DD636E /* Models */,
				2493AF27291E1A1E00DD636E /* Repositories */,
				2493AEE2291E13C200DD636E /* Quizlet_ishApp.swift */,
				2493AEE4291E13C200DD636E /* ContentView.swift */,
				2493AEE6291E13C500DD636E /* Assets.xcassets */,
				2493AEE8291E13C500DD636E /* Preview Content */,
			);
			path = "Quizlet-ish";
			sourceTree = "<group>";
		};
		2493AEE8291E13C500DD636E /* Preview Content */ = {
			isa = PBXGroup;
			children = (
				2493AEE9291E13C500DD636E /* Preview Assets.xcassets */,
			);
			path = "Preview Content";
			sourceTree = "<group>";
		};
		2493AF27291E1A1E00DD636E /* Repositories */ = {
			isa = PBXGroup;
			children = (
				2493AF3E291E1BF300DD636E /* CardRepository.swift */,
			);
			path = Repositories;
			sourceTree = "<group>";
		};
		2493AF29291E1A3E00DD636E /* Models */ = {
			isa = PBXGroup;
			children = (
				2493AF2A291E1A5100DD636E /* Card.swift */,
			);
			path = Models;
			sourceTree = "<group>";
		};
		2493AF2C291E1A5F00DD636E /* ViewModels */ = {
			isa = PBXGroup;
			children = (
				2493AF2D291E1A7100DD636E /* CardListViewModel.swift */,
				2493AF2F291E1A7C00DD636E /* CardViewModel.swift */,
			);
			path = ViewModels;
			sourceTree = "<group>";
		};
		2493AF31291E1A8100DD636E /* Card */ = {
			isa = PBXGroup;
			children = (
				2493AF33291E1AA900DD636E /* NewCardForm.swift */,
				2493AF35291E1AB600DD636E /* CardView.swift */,
				2493AF37291E1AC200DD636E /* CardListView.swift */,
			);
			path = Card;
			sourceTree = "<group>";
		};
		2493AF32291E1A9100DD636E /* Views */ = {
			isa = PBXGroup;
			children = (
				2493AF31291E1A8100DD636E /* Card */,
			);
			path = Views;
			sourceTree = "<group>";
		};
		2493AF39291E1ACD00DD636E /* Services */ = {
			isa = PBXGroup;
			children = (
				2493AF3A291E1AE200DD636E /* AuthenticationService.swift */,
			);
			path = Services;
			sourceTree = "<group>";
		};
/* End PBXGroup section */

/* Begin PBXNativeTarget section */
		2493AEDE291E13C200DD636E /* Quizlet-ish */ = {
			isa = PBXNativeTarget;
			buildConfigurationList = 2493AEED291E13C500DD636E /* Build configuration list for PBXNativeTarget "Quizlet-ish" */;
			buildPhases = (
				2493AEDB291E13C200DD636E /* Sources */,
				2493AEDC291E13C200DD636E /* Frameworks */,
				2493AEDD291E13C200DD636E /* Resources */,
			);
			buildRules = (
			);
			dependencies = (
			);
			name = "Quizlet-ish";
			packageProductDependencies = (
				2493AEF1291E18D400DD636E /* FirebaseAnalytics */,
				2493AEF3291E18D400DD636E /* FirebaseAnalyticsOnDeviceConversion */,
				2493AEF5291E18D400DD636E /* FirebaseAnalyticsSwift */,
				2493AEF7291E18D400DD636E /* FirebaseAnalyticsWithoutAdIdSupport */,
				2493AEF9291E18D400DD636E /* FirebaseAppCheck */,
				2493AEFB291E18D400DD636E /* FirebaseAppDistribution-Beta */,
				2493AEFD291E18D400DD636E /* FirebaseAuth */,
				2493AEFF291E18D400DD636E /* FirebaseAuthCombine-Community */,
				2493AF01291E18D400DD636E /* FirebaseCrashlytics */,
				2493AF03291E18D400DD636E /* FirebaseDatabase */,
				2493AF05291E18D400DD636E /* FirebaseDatabaseSwift */,
				2493AF07291E18D400DD636E /* FirebaseDynamicLinks */,
				2493AF09291E18D400DD636E /* FirebaseFirestore */,
				2493AF0B291E18D400DD636E /* FirebaseFirestoreCombine-Community */,
				2493AF0D291E18D400DD636E /* FirebaseFirestoreSwift */,
				2493AF0F291E18D400DD636E /* FirebaseFunctions */,
				2493AF11291E18D400DD636E /* FirebaseFunctionsCombine-Community */,
				2493AF13291E18D400DD636E /* FirebaseInAppMessaging-Beta */,
				2493AF15291E18D400DD636E /* FirebaseInAppMessagingSwift-Beta */,
				2493AF17291E18D400DD636E /* FirebaseInstallations */,
				2493AF19291E18D400DD636E /* FirebaseMLModelDownloader */,
				2493AF1B291E18D400DD636E /* FirebaseMessaging */,
				2493AF1D291E18D400DD636E /* FirebasePerformance */,
				2493AF1F291E18D400DD636E /* FirebaseRemoteConfig */,
				2493AF21291E18D400DD636E /* FirebaseRemoteConfigSwift */,
				2493AF23291E18D400DD636E /* FirebaseStorage */,
				2493AF25291E18D400DD636E /* FirebaseStorageCombine-Community */,
			);
			productName = "Quizlet-ish";
			productReference = 2493AEDF291E13C200DD636E /* Quizlet-ish.app */;
			productType = "com.apple.product-type.application";
		};
/* End PBXNativeTarget section */

/* Begin PBXProject section */
		2493AED7291E13C200DD636E /* Project object */ = {
			isa = PBXProject;
			attributes = {
				BuildIndependentTargetsInParallel = 1;
				LastSwiftUpdateCheck = 1410;
				LastUpgradeCheck = 1410;
				TargetAttributes = {
					2493AEDE291E13C200DD636E = {
						CreatedOnToolsVersion = 14.1;
					};
				};
			};
			buildConfigurationList = 2493AEDA291E13C200DD636E /* Build configuration list for PBXProject "Quizlet-ish" */;
			compatibilityVersion = "Xcode 14.0";
			developmentRegion = en;
			hasScannedForEncodings = 0;
			knownRegions = (
				en,
				Base,
			);
			mainGroup = 2493AED6291E13C200DD636E;
			packageReferences = (
				2493AEF0291E18D300DD636E /* XCRemoteSwiftPackageReference "firebase-ios-sdk" */,
			);
			productRefGroup = 2493AEE0291E13C200DD636E /* Products */;
			projectDirPath = "";
			projectRoot = "";
			targets = (
				2493AEDE291E13C200DD636E /* Quizlet-ish */,
			);
		};
/* End PBXProject section */

/* Begin PBXResourcesBuildPhase section */
		2493AEDD291E13C200DD636E /* Resources */ = {
			isa = PBXResourcesBuildPhase;
			buildActionMask = 2147483647;
			files = (
				2493AEEA291E13C500DD636E /* Preview Assets.xcassets in Resources */,
				2493AEE7291E13C500DD636E /* Assets.xcassets in Resources */,
			);
			runOnlyForDeploymentPostprocessing = 0;
		};
/* End PBXResourcesBuildPhase section */

/* Begin PBXSourcesBuildPhase section */
		2493AEDB291E13C200DD636E /* Sources */ = {
			isa = PBXSourcesBuildPhase;
			buildActionMask = 2147483647;
			files = (
				2493AF36291E1AB600DD636E /* CardView.swift in Sources */,
				2493AF2E291E1A7100DD636E /* CardListViewModel.swift in Sources */,
				2493AEE5291E13C200DD636E /* ContentView.swift in Sources */,
				2493AF3B291E1AE200DD636E /* AuthenticationService.swift in Sources */,
				2493AF34291E1AA900DD636E /* NewCardForm.swift in Sources */,
				2493AF2B291E1A5100DD636E /* Card.swift in Sources */,
				2493AEE3291E13C200DD636E /* Quizlet_ishApp.swift in Sources */,
				2493AF3F291E1BF300DD636E /* CardRepository.swift in Sources */,
				2493AF38291E1AC200DD636E /* CardListView.swift in Sources */,
				2493AF30291E1A7C00DD636E /* CardViewModel.swift in Sources */,
			);
			runOnlyForDeploymentPostprocessing = 0;
		};
/* End PBXSourcesBuildPhase section */

/* Begin XCBuildConfiguration section */
		2493AEEB291E13C500DD636E /* Debug */ = {
			isa = XCBuildConfiguration;
			buildSettings = {
				ALWAYS_SEARCH_USER_PATHS = NO;
				CLANG_ANALYZER_NONNULL = YES;
				CLANG_ANALYZER_NUMBER_OBJECT_CONVERSION = YES_AGGRESSIVE;
				CLANG_CXX_LANGUAGE_STANDARD = "gnu++20";
				CLANG_ENABLE_MODULES = YES;
				CLANG_ENABLE_OBJC_ARC = YES;
				CLANG_ENABLE_OBJC_WEAK = YES;
				CLANG_WARN_BLOCK_CAPTURE_AUTORELEASING = YES;
				CLANG_WARN_BOOL_CONVERSION = YES;
				CLANG_WARN_COMMA = YES;
				CLANG_WARN_CONSTANT_CONVERSION = YES;
				CLANG_WARN_DEPRECATED_OBJC_IMPLEMENTATIONS = YES;
				CLANG_WARN_DIRECT_OBJC_ISA_USAGE = YES_ERROR;
				CLANG_WARN_DOCUMENTATION_COMMENTS = YES;
				CLANG_WARN_EMPTY_BODY = YES;
				CLANG_WARN_ENUM_CONVERSION = YES;
				CLANG_WARN_INFINITE_RECURSION = YES;
				CLANG_WARN_INT_CONVERSION = YES;
				CLANG_WARN_NON_LITERAL_NULL_CONVERSION = YES;
				CLANG_WARN_OBJC_IMPLICIT_RETAIN_SELF = YES;
				CLANG_WARN_OBJC_LITERAL_CONVERSION = YES;
				CLANG_WARN_OBJC_ROOT_CLASS = YES_ERROR;
				CLANG_WARN_QUOTED_INCLUDE_IN_FRAMEWORK_HEADER = YES;
				CLANG_WARN_RANGE_LOOP_ANALYSIS = YES;
				CLANG_WARN_STRICT_PROTOTYPES = YES;
				CLANG_WARN_SUSPICIOUS_MOVE = YES;
				CLANG_WARN_UNGUARDED_AVAILABILITY = YES_AGGRESSIVE;
				CLANG_WARN_UNREACHABLE_CODE = YES;
				CLANG_WARN__DUPLICATE_METHOD_MATCH = YES;
				COPY_PHASE_STRIP = NO;
				DEBUG_INFORMATION_FORMAT = dwarf;
				ENABLE_STRICT_OBJC_MSGSEND = YES;
				ENABLE_TESTABILITY = YES;
				GCC_C_LANGUAGE_STANDARD = gnu11;
				GCC_DYNAMIC_NO_PIC = NO;
				GCC_NO_COMMON_BLOCKS = YES;
				GCC_OPTIMIZATION_LEVEL = 0;
				GCC_PREPROCESSOR_DEFINITIONS = (
					"DEBUG=1",
					"$(inherited)",
				);
				GCC_WARN_64_TO_32_BIT_CONVERSION = YES;
				GCC_WARN_ABOUT_RETURN_TYPE = YES_ERROR;
				GCC_WARN_UNDECLARED_SELECTOR = YES;
				GCC_WARN_UNINITIALIZED_AUTOS = YES_AGGRESSIVE;
				GCC_WARN_UNUSED_FUNCTION = YES;
				GCC_WARN_UNUSED_VARIABLE = YES;
				IPHONEOS_DEPLOYMENT_TARGET = 16.1;
				MTL_ENABLE_DEBUG_INFO = INCLUDE_SOURCE;
				MTL_FAST_MATH = YES;
				ONLY_ACTIVE_ARCH = YES;
				SDKROOT = iphoneos;
				SWIFT_ACTIVE_COMPILATION_CONDITIONS = DEBUG;
				SWIFT_OPTIMIZATION_LEVEL = "-Onone";
			};
			name = Debug;
		};
		2493AEEC291E13C500DD636E /* Release */ = {
			isa = XCBuildConfiguration;
			buildSettings = {
				ALWAYS_SEARCH_USER_PATHS = NO;
				CLANG_ANALYZER_NONNULL = YES;
				CLANG_ANALYZER_NUMBER_OBJECT_CONVERSION = YES_AGGRESSIVE;
				CLANG_CXX_LANGUAGE_STANDARD = "gnu++20";
				CLANG_ENABLE_MODULES = YES;
				CLANG_ENABLE_OBJC_ARC = YES;
				CLANG_ENABLE_OBJC_WEAK = YES;
				CLANG_WARN_BLOCK_CAPTURE_AUTORELEASING = YES;
				CLANG_WARN_BOOL_CONVERSION = YES;
				CLANG_WARN_COMMA = YES;
				CLANG_WARN_CONSTANT_CONVERSION = YES;
				CLANG_WARN_DEPRECATED_OBJC_IMPLEMENTATIONS = YES;
				CLANG_WARN_DIRECT_OBJC_ISA_USAGE = YES_ERROR;
				CLANG_WARN_DOCUMENTATION_COMMENTS = YES;
				CLANG_WARN_EMPTY_BODY = YES;
				CLANG_WARN_ENUM_CONVERSION = YES;
				CLANG_WARN_INFINITE_RECURSION = YES;
				CLANG_WARN_INT_CONVERSION = YES;
				CLANG_WARN_NON_LITERAL_NULL_CONVERSION = YES;
				CLANG_WARN_OBJC_IMPLICIT_RETAIN_SELF = YES;
				CLANG_WARN_OBJC_LITERAL_CONVERSION = YES;
				CLANG_WARN_OBJC_ROOT_CLASS = YES_ERROR;
				CLANG_WARN_QUOTED_INCLUDE_IN_FRAMEWORK_HEADER = YES;
				CLANG_WARN_RANGE_LOOP_ANALYSIS = YES;
				CLANG_WARN_STRICT_PROTOTYPES = YES;
				CLANG_WARN_SUSPICIOUS_MOVE = YES;
				CLANG_WARN_UNGUARDED_AVAILABILITY = YES_AGGRESSIVE;
				CLANG_WARN_UNREACHABLE_CODE = YES;
				CLANG_WARN__DUPLICATE_METHOD_MATCH = YES;
				COPY_PHASE_STRIP = NO;
				DEBUG_INFORMATION_FORMAT = "dwarf-with-dsym";
				ENABLE_NS_ASSERTIONS = NO;
				ENABLE_STRICT_OBJC_MSGSEND = YES;
				GCC_C_LANGUAGE_STANDARD = gnu11;
				GCC_NO_COMMON_BLOCKS = YES;
				GCC_WARN_64_TO_32_BIT_CONVERSION = YES;
				GCC_WARN_ABOUT_RETURN_TYPE = YES_ERROR;
				GCC_WARN_UNDECLARED_SELECTOR = YES;
				GCC_WARN_UNINITIALIZED_AUTOS = YES_AGGRESSIVE;
				GCC_WARN_UNUSED_FUNCTION = YES;
				GCC_WARN_UNUSED_VARIABLE = YES;
				IPHONEOS_DEPLOYMENT_TARGET = 16.1;
				MTL_ENABLE_DEBUG_INFO = NO;
				MTL_FAST_MATH = YES;
				SDKROOT = iphoneos;
				SWIFT_COMPILATION_MODE = wholemodule;
				SWIFT_OPTIMIZATION_LEVEL = "-O";
				VALIDATE_PRODUCT = YES;
			};
			name = Release;
		};
		2493AEEE291E13C500DD636E /* Debug */ = {
			isa = XCBuildConfiguration;
			buildSettings = {
				ASSETCATALOG_COMPILER_APPICON_NAME = AppIcon;
				ASSETCATALOG_COMPILER_GLOBAL_ACCENT_COLOR_NAME = AccentColor;
				CODE_SIGN_STYLE = Automatic;
				CURRENT_PROJECT_VERSION = 1;
				DEVELOPMENT_ASSET_PATHS = "\"Quizlet-ish/Preview Content\"";
				ENABLE_PREVIEWS = YES;
				GENERATE_INFOPLIST_FILE = YES;
				INFOPLIST_KEY_UIApplicationSceneManifest_Generation = YES;
				INFOPLIST_KEY_UIApplicationSupportsIndirectInputEvents = YES;
				INFOPLIST_KEY_UILaunchScreen_Generation = YES;
				INFOPLIST_KEY_UISupportedInterfaceOrientations_iPad = "UIInterfaceOrientationPortrait UIInterfaceOrientationPortraitUpsideDown UIInterfaceOrientationLandscapeLeft UIInterfaceOrientationLandscapeRight";
				INFOPLIST_KEY_UISupportedInterfaceOrientations_iPhone = "UIInterfaceOrientationPortrait UIInterfaceOrientationLandscapeLeft UIInterfaceOrientationLandscapeRight";
				LD_RUNPATH_SEARCH_PATHS = (
					"$(inherited)",
					"@executable_path/Frameworks",
				);
				MARKETING_VERSION = 1.0;
				PRODUCT_BUNDLE_IDENTIFIER = "com.kyungwanwoo.Quizlet-ish";
				PRODUCT_NAME = "$(TARGET_NAME)";
				SWIFT_EMIT_LOC_STRINGS = YES;
				SWIFT_VERSION = 5.0;
				TARGETED_DEVICE_FAMILY = "1,2";
			};
			name = Debug;
		};
		2493AEEF291E13C500DD636E /* Release */ = {
			isa = XCBuildConfiguration;
			buildSettings = {
				ASSETCATALOG_COMPILER_APPICON_NAME = AppIcon;
				ASSETCATALOG_COMPILER_GLOBAL_ACCENT_COLOR_NAME = AccentColor;
				CODE_SIGN_STYLE = Automatic;
				CURRENT_PROJECT_VERSION = 1;
				DEVELOPMENT_ASSET_PATHS = "\"Quizlet-ish/Preview Content\"";
				ENABLE_PREVIEWS = YES;
				GENERATE_INFOPLIST_FILE = YES;
				INFOPLIST_KEY_UIApplicationSceneManifest_Generation = YES;
				INFOPLIST_KEY_UIApplicationSupportsIndirectInputEvents = YES;
				INFOPLIST_KEY_UILaunchScreen_Generation = YES;
				INFOPLIST_KEY_UISupportedInterfaceOrientations_iPad = "UIInterfaceOrientationPortrait UIInterfaceOrientationPortraitUpsideDown UIInterfaceOrientationLandscapeLeft UIInterfaceOrientationLandscapeRight";
				INFOPLIST_KEY_UISupportedInterfaceOrientations_iPhone = "UIInterfaceOrientationPortrait UIInterfaceOrientationLandscapeLeft UIInterfaceOrientationLandscapeRight";
				LD_RUNPATH_SEARCH_PATHS = (
					"$(inherited)",
					"@executable_path/Frameworks",
				);
				MARKETING_VERSION = 1.0;
				PRODUCT_BUNDLE_IDENTIFIER = "com.kyungwanwoo.Quizlet-ish";
				PRODUCT_NAME = "$(TARGET_NAME)";
				SWIFT_EMIT_LOC_STRINGS = YES;
				SWIFT_VERSION = 5.0;
				TARGETED_DEVICE_FAMILY = "1,2";
			};
			name = Release;
		};
/* End XCBuildConfiguration section */

/* Begin XCConfigurationList section */
		2493AEDA291E13C200DD636E /* Build configuration list for PBXProject "Quizlet-ish" */ = {
			isa = XCConfigurationList;
			buildConfigurations = (
				2493AEEB291E13C500DD636E /* Debug */,
				2493AEEC291E13C500DD636E /* Release */,
			);
			defaultConfigurationIsVisible = 0;
			defaultConfigurationName = Release;
		};
		2493AEED291E13C500DD636E /* Build configuration list for PBXNativeTarget "Quizlet-ish" */ = {
			isa = XCConfigurationList;
			buildConfigurations = (
				2493AEEE291E13C500DD636E /* Debug */,
				2493AEEF291E13C500DD636E /* Release */,
			);
			defaultConfigurationIsVisible = 0;
			defaultConfigurationName = Release;
		};
/* End XCConfigurationList section */

/* Begin XCRemoteSwiftPackageReference section */
		2493AEF0291E18D300DD636E /* XCRemoteSwiftPackageReference "firebase-ios-sdk" */ = {
			isa = XCRemoteSwiftPackageReference;
			repositoryURL = "https://github.com/firebase/firebase-ios-sdk";
			requirement = {
				kind = upToNextMajorVersion;
				minimumVersion = 9.0.0;
			};
		};
/* End XCRemoteSwiftPackageReference section */

/* Begin XCSwiftPackageProductDependency section */
		2493AEF1291E18D400DD636E /* FirebaseAnalytics */ = {
			isa = XCSwiftPackageProductDependency;
			package = 2493AEF0291E18D300DD636E /* XCRemoteSwiftPackageReference "firebase-ios-sdk" */;
			productName = FirebaseAnalytics;
		};
		2493AEF3291E18D400DD636E /* FirebaseAnalyticsOnDeviceConversion */ = {
			isa = XCSwiftPackageProductDependency;
			package = 2493AEF0291E18D300DD636E /* XCRemoteSwiftPackageReference "firebase-ios-sdk" */;
			productName = FirebaseAnalyticsOnDeviceConversion;
		};
		2493AEF5291E18D400DD636E /* FirebaseAnalyticsSwift */ = {
			isa = XCSwiftPackageProductDependency;
			package = 2493AEF0291E18D300DD636E /* XCRemoteSwiftPackageReference "firebase-ios-sdk" */;
			productName = FirebaseAnalyticsSwift;
		};
		2493AEF7291E18D400DD636E /* FirebaseAnalyticsWithoutAdIdSupport */ = {
			isa = XCSwiftPackageProductDependency;
			package = 2493AEF0291E18D300DD636E /* XCRemoteSwiftPackageReference "firebase-ios-sdk" */;
			productName = FirebaseAnalyticsWithoutAdIdSupport;
		};
		2493AEF9291E18D400DD636E /* FirebaseAppCheck */ = {
			isa = XCSwiftPackageProductDependency;
			package = 2493AEF0291E18D300DD636E /* XCRemoteSwiftPackageReference "firebase-ios-sdk" */;
			productName = FirebaseAppCheck;
		};
		2493AEFB291E18D400DD636E /* FirebaseAppDistribution-Beta */ = {
			isa = XCSwiftPackageProductDependency;
			package = 2493AEF0291E18D300DD636E /* XCRemoteSwiftPackageReference "firebase-ios-sdk" */;
			productName = "FirebaseAppDistribution-Beta";
		};
		2493AEFD291E18D400DD636E /* FirebaseAuth */ = {
			isa = XCSwiftPackageProductDependency;
			package = 2493AEF0291E18D300DD636E /* XCRemoteSwiftPackageReference "firebase-ios-sdk" */;
			productName = FirebaseAuth;
		};
		2493AEFF291E18D400DD636E /* FirebaseAuthCombine-Community */ = {
			isa = XCSwiftPackageProductDependency;
			package = 2493AEF0291E18D300DD636E /* XCRemoteSwiftPackageReference "firebase-ios-sdk" */;
			productName = "FirebaseAuthCombine-Community";
		};
		2493AF01291E18D400DD636E /* FirebaseCrashlytics */ = {
			isa = XCSwiftPackageProductDependency;
			package = 2493AEF0291E18D300DD636E /* XCRemoteSwiftPackageReference "firebase-ios-sdk" */;
			productName = FirebaseCrashlytics;
		};
		2493AF03291E18D400DD636E /* FirebaseDatabase */ = {
			isa = XCSwiftPackageProductDependency;
			package = 2493AEF0291E18D300DD636E /* XCRemoteSwiftPackageReference "firebase-ios-sdk" */;
			productName = FirebaseDatabase;
		};
		2493AF05291E18D400DD636E /* FirebaseDatabaseSwift */ = {
			isa = XCSwiftPackageProductDependency;
			package = 2493AEF0291E18D300DD636E /* XCRemoteSwiftPackageReference "firebase-ios-sdk" */;
			productName = FirebaseDatabaseSwift;
		};
		2493AF07291E18D400DD636E /* FirebaseDynamicLinks */ = {
			isa = XCSwiftPackageProductDependency;
			package = 2493AEF0291E18D300DD636E /* XCRemoteSwiftPackageReference "firebase-ios-sdk" */;
			productName = FirebaseDynamicLinks;
		};
		2493AF09291E18D400DD636E /* FirebaseFirestore */ = {
			isa = XCSwiftPackageProductDependency;
			package = 2493AEF0291E18D300DD636E /* XCRemoteSwiftPackageReference "firebase-ios-sdk" */;
			productName = FirebaseFirestore;
		};
		2493AF0B291E18D400DD636E /* FirebaseFirestoreCombine-Community */ = {
			isa = XCSwiftPackageProductDependency;
			package = 2493AEF0291E18D300DD636E /* XCRemoteSwiftPackageReference "firebase-ios-sdk" */;
			productName = "FirebaseFirestoreCombine-Community";
		};
		2493AF0D291E18D400DD636E /* FirebaseFirestoreSwift */ = {
			isa = XCSwiftPackageProductDependency;
			package = 2493AEF0291E18D300DD636E /* XCRemoteSwiftPackageReference "firebase-ios-sdk" */;
			productName = FirebaseFirestoreSwift;
		};
		2493AF0F291E18D400DD636E /* FirebaseFunctions */ = {
			isa = XCSwiftPackageProductDependency;
			package = 2493AEF0291E18D300DD636E /* XCRemoteSwiftPackageReference "firebase-ios-sdk" */;
			productName = FirebaseFunctions;
		};
		2493AF11291E18D400DD636E /* FirebaseFunctionsCombine-Community */ = {
			isa = XCSwiftPackageProductDependency;
			package = 2493AEF0291E18D300DD636E /* XCRemoteSwiftPackageReference "firebase-ios-sdk" */;
			productName = "FirebaseFunctionsCombine-Community";
		};
		2493AF13291E18D400DD636E /* FirebaseInAppMessaging-Beta */ = {
			isa = XCSwiftPackageProductDependency;
			package = 2493AEF0291E18D300DD636E /* XCRemoteSwiftPackageReference "firebase-ios-sdk" */;
			productName = "FirebaseInAppMessaging-Beta";
		};
		2493AF15291E18D400DD636E /* FirebaseInAppMessagingSwift-Beta */ = {
			isa = XCSwiftPackageProductDependency;
			package = 2493AEF0291E18D300DD636E /* XCRemoteSwiftPackageReference "firebase-ios-sdk" */;
			productName = "FirebaseInAppMessagingSwift-Beta";
		};
		2493AF17291E18D400DD636E /* FirebaseInstallations */ = {
			isa = XCSwiftPackageProductDependency;
			package = 2493AEF0291E18D300DD636E /* XCRemoteSwiftPackageReference "firebase-ios-sdk" */;
			productName = FirebaseInstallations;
		};
		2493AF19291E18D400DD636E /* FirebaseMLModelDownloader */ = {
			isa = XCSwiftPackageProductDependency;
			package = 2493AEF0291E18D300DD636E /* XCRemoteSwiftPackageReference "firebase-ios-sdk" */;
			productName = FirebaseMLModelDownloader;
		};
		2493AF1B291E18D400DD636E /* FirebaseMessaging */ = {
			isa = XCSwiftPackageProductDependency;
			package = 2493AEF0291E18D300DD636E /* XCRemoteSwiftPackageReference "firebase-ios-sdk" */;
			productName = FirebaseMessaging;
		};
		2493AF1D291E18D400DD636E /* FirebasePerformance */ = {
			isa = XCSwiftPackageProductDependency;
			package = 2493AEF0291E18D300DD636E /* XCRemoteSwiftPackageReference "firebase-ios-sdk" */;
			productName = FirebasePerformance;
		};
		2493AF1F291E18D400DD636E /* FirebaseRemoteConfig */ = {
			isa = XCSwiftPackageProductDependency;
			package = 2493AEF0291E18D300DD636E /* XCRemoteSwiftPackageReference "firebase-ios-sdk" */;
			productName = FirebaseRemoteConfig;
		};
		2493AF21291E18D400DD636E /* FirebaseRemoteConfigSwift */ = {
			isa = XCSwiftPackageProductDependency;
			package = 2493AEF0291E18D300DD636E /* XCRemoteSwiftPackageReference "firebase-ios-sdk" */;
			productName = FirebaseRemoteConfigSwift;
		};
		2493AF23291E18D400DD636E /* FirebaseStorage */ = {
			isa = XCSwiftPackageProductDependency;
			package = 2493AEF0291E18D300DD636E /* XCRemoteSwiftPackageReference "firebase-ios-sdk" */;
			productName = FirebaseStorage;
		};
		2493AF25291E18D400DD636E /* FirebaseStorageCombine-Community */ = {
			isa = XCSwiftPackageProductDependency;
			package = 2493AEF0291E18D300DD636E /* XCRemoteSwiftPackageReference "firebase-ios-sdk" */;
			productName = "FirebaseStorageCombine-Community";
		};
/* End XCSwiftPackageProductDependency section */
	};
	rootObject = 2493AED7291E13C200DD636E /* Project object */;
}
