// !$*UTF8*$!
{
	archiveVersion = 1;
	classes = {
	};
	objectVersion = 55;
	objects = {

/* Begin PBXBuildFile section */
		35458B9427FBFF3300CAD402 /* quizlet_ishApp.swift in Sources */ = {isa = PBXBuildFile; fileRef = 35458B9327FBFF3300CAD402 /* quizlet_ishApp.swift */; };
		35458B9627FBFF3300CAD402 /* ContentView.swift in Sources */ = {isa = PBXBuildFile; fileRef = 35458B9527FBFF3300CAD402 /* ContentView.swift */; };
		35458B9827FBFF3500CAD402 /* Assets.xcassets in Resources */ = {isa = PBXBuildFile; fileRef = 35458B9727FBFF3500CAD402 /* Assets.xcassets */; };
		35458B9B27FBFF3500CAD402 /* Preview Assets.xcassets in Resources */ = {isa = PBXBuildFile; fileRef = 35458B9A27FBFF3500CAD402 /* Preview Assets.xcassets */; };
		35458BA227FBFFD500CAD402 /* GoogleService-Info.plist in Resources */ = {isa = PBXBuildFile; fileRef = 35458BA127FBFFD500CAD402 /* GoogleService-Info.plist */; };
		35458BA527FC00A300CAD402 /* FirebaseAuth in Frameworks */ = {isa = PBXBuildFile; productRef = 35458BA427FC00A300CAD402 /* FirebaseAuth */; };
		35458BA727FC00A300CAD402 /* FirebaseAuthCombine-Community in Frameworks */ = {isa = PBXBuildFile; productRef = 35458BA627FC00A300CAD402 /* FirebaseAuthCombine-Community */; };
		35458BA927FC00A300CAD402 /* FirebaseDatabase in Frameworks */ = {isa = PBXBuildFile; productRef = 35458BA827FC00A300CAD402 /* FirebaseDatabase */; };
		35458BAB27FC00A300CAD402 /* FirebaseDatabaseSwift-Beta in Frameworks */ = {isa = PBXBuildFile; productRef = 35458BAA27FC00A300CAD402 /* FirebaseDatabaseSwift-Beta */; };
		35458BAD27FC00A300CAD402 /* FirebaseFirestore in Frameworks */ = {isa = PBXBuildFile; productRef = 35458BAC27FC00A300CAD402 /* FirebaseFirestore */; };
		35458BAF27FC00A300CAD402 /* FirebaseFirestoreCombine-Community in Frameworks */ = {isa = PBXBuildFile; productRef = 35458BAE27FC00A300CAD402 /* FirebaseFirestoreCombine-Community */; };
		35458BB127FC00A300CAD402 /* FirebaseFirestoreSwift-Beta in Frameworks */ = {isa = PBXBuildFile; productRef = 35458BB027FC00A300CAD402 /* FirebaseFirestoreSwift-Beta */; };
		35458BB427FC048900CAD402 /* CardRepository.swift in Sources */ = {isa = PBXBuildFile; fileRef = 35458BB327FC048900CAD402 /* CardRepository.swift */; };
		35458BB727FC055400CAD402 /* Card.swift in Sources */ = {isa = PBXBuildFile; fileRef = 35458BB627FC055400CAD402 /* Card.swift */; };
		35458BBA27FC05D100CAD402 /* CardListViewModel.swift in Sources */ = {isa = PBXBuildFile; fileRef = 35458BB927FC05D100CAD402 /* CardListViewModel.swift */; };
		35458BBE27FC06CC00CAD402 /* NewCardForm.swift in Sources */ = {isa = PBXBuildFile; fileRef = 35458BBD27FC06CC00CAD402 /* NewCardForm.swift */; };
		35458BC027FC06E300CAD402 /* CardView.swift in Sources */ = {isa = PBXBuildFile; fileRef = 35458BBF27FC06E300CAD402 /* CardView.swift */; };
		35458BC227FC06F300CAD402 /* CardListView.swift in Sources */ = {isa = PBXBuildFile; fileRef = 35458BC127FC06F300CAD402 /* CardListView.swift */; };
		35458BC427FC08E200CAD402 /* CardViewModel.swift in Sources */ = {isa = PBXBuildFile; fileRef = 35458BC327FC08E200CAD402 /* CardViewModel.swift */; };
		35458BC727FC0A2300CAD402 /* AuthenticationService.swift in Sources */ = {isa = PBXBuildFile; fileRef = 35458BC627FC0A2300CAD402 /* AuthenticationService.swift */; };
/* End PBXBuildFile section */

/* Begin PBXFileReference section */
		35458B9027FBFF3300CAD402 /* quizlet-ish.app */ = {isa = PBXFileReference; explicitFileType = wrapper.application; includeInIndex = 0; path = "quizlet-ish.app"; sourceTree = BUILT_PRODUCTS_DIR; };
		35458B9327FBFF3300CAD402 /* quizlet_ishApp.swift */ = {isa = PBXFileReference; lastKnownFileType = sourcecode.swift; path = quizlet_ishApp.swift; sourceTree = "<group>"; };
		35458B9527FBFF3300CAD402 /* ContentView.swift */ = {isa = PBXFileReference; lastKnownFileType = sourcecode.swift; path = ContentView.swift; sourceTree = "<group>"; };
		35458B9727FBFF3500CAD402 /* Assets.xcassets */ = {isa = PBXFileReference; lastKnownFileType = folder.assetcatalog; path = Assets.xcassets; sourceTree = "<group>"; };
		35458B9A27FBFF3500CAD402 /* Preview Assets.xcassets */ = {isa = PBXFileReference; lastKnownFileType = folder.assetcatalog; path = "Preview Assets.xcassets"; sourceTree = "<group>"; };
		35458BA127FBFFD500CAD402 /* GoogleService-Info.plist */ = {isa = PBXFileReference; fileEncoding = 4; lastKnownFileType = text.plist.xml; name = "GoogleService-Info.plist"; path = "../../../../Desktop/GoogleService-Info.plist"; sourceTree = "<group>"; };
		35458BB327FC048900CAD402 /* CardRepository.swift */ = {isa = PBXFileReference; lastKnownFileType = sourcecode.swift; path = CardRepository.swift; sourceTree = "<group>"; };
		35458BB627FC055400CAD402 /* Card.swift */ = {isa = PBXFileReference; lastKnownFileType = sourcecode.swift; path = Card.swift; sourceTree = "<group>"; };
		35458BB927FC05D100CAD402 /* CardListViewModel.swift */ = {isa = PBXFileReference; lastKnownFileType = sourcecode.swift; path = CardListViewModel.swift; sourceTree = "<group>"; };
		35458BBD27FC06CC00CAD402 /* NewCardForm.swift */ = {isa = PBXFileReference; lastKnownFileType = sourcecode.swift; path = NewCardForm.swift; sourceTree = "<group>"; };
		35458BBF27FC06E300CAD402 /* CardView.swift */ = {isa = PBXFileReference; lastKnownFileType = sourcecode.swift; path = CardView.swift; sourceTree = "<group>"; };
		35458BC127FC06F300CAD402 /* CardListView.swift */ = {isa = PBXFileReference; lastKnownFileType = sourcecode.swift; path = CardListView.swift; sourceTree = "<group>"; };
		35458BC327FC08E200CAD402 /* CardViewModel.swift */ = {isa = PBXFileReference; lastKnownFileType = sourcecode.swift; path = CardViewModel.swift; sourceTree = "<group>"; };
		35458BC627FC0A2300CAD402 /* AuthenticationService.swift */ = {isa = PBXFileReference; lastKnownFileType = sourcecode.swift; path = AuthenticationService.swift; sourceTree = "<group>"; };
/* End PBXFileReference section */

/* Begin PBXFrameworksBuildPhase section */
		35458B8D27FBFF3300CAD402 /* Frameworks */ = {
			isa = PBXFrameworksBuildPhase;
			buildActionMask = 2147483647;
			files = (
				35458BA927FC00A300CAD402 /* FirebaseDatabase in Frameworks */,
				35458BA527FC00A300CAD402 /* FirebaseAuth in Frameworks */,
				35458BB127FC00A300CAD402 /* FirebaseFirestoreSwift-Beta in Frameworks */,
				35458BAB27FC00A300CAD402 /* FirebaseDatabaseSwift-Beta in Frameworks */,
				35458BAF27FC00A300CAD402 /* FirebaseFirestoreCombine-Community in Frameworks */,
				35458BAD27FC00A300CAD402 /* FirebaseFirestore in Frameworks */,
				35458BA727FC00A300CAD402 /* FirebaseAuthCombine-Community in Frameworks */,
			);
			runOnlyForDeploymentPostprocessing = 0;
		};
/* End PBXFrameworksBuildPhase section */

/* Begin PBXGroup section */
		35458B8727FBFF3300CAD402 = {
			isa = PBXGroup;
			children = (
				35458B9227FBFF3300CAD402 /* quizlet-ish */,
				35458B9127FBFF3300CAD402 /* Products */,
			);
			sourceTree = "<group>";
		};
		35458B9127FBFF3300CAD402 /* Products */ = {
			isa = PBXGroup;
			children = (
				35458B9027FBFF3300CAD402 /* quizlet-ish.app */,
			);
			name = Products;
			sourceTree = "<group>";
		};
		35458B9227FBFF3300CAD402 /* quizlet-ish */ = {
			isa = PBXGroup;
			children = (
				35458BC527FC0A0A00CAD402 /* Services */,
				35458BBB27FC069600CAD402 /* Views */,
				35458BB827FC058600CAD402 /* ViewModels */,
				35458BB527FC054500CAD402 /* Models */,
				35458BB227FC047200CAD402 /* Repositories */,
				35458B9327FBFF3300CAD402 /* quizlet_ishApp.swift */,
				35458B9527FBFF3300CAD402 /* ContentView.swift */,
				35458B9727FBFF3500CAD402 /* Assets.xcassets */,
				35458BA127FBFFD500CAD402 /* GoogleService-Info.plist */,
				35458B9927FBFF3500CAD402 /* Preview Content */,
			);
			path = "quizlet-ish";
			sourceTree = "<group>";
		};
		35458B9927FBFF3500CAD402 /* Preview Content */ = {
			isa = PBXGroup;
			children = (
				35458B9A27FBFF3500CAD402 /* Preview Assets.xcassets */,
			);
			path = "Preview Content";
			sourceTree = "<group>";
		};
		35458BB227FC047200CAD402 /* Repositories */ = {
			isa = PBXGroup;
			children = (
				35458BB327FC048900CAD402 /* CardRepository.swift */,
			);
			path = Repositories;
			sourceTree = "<group>";
		};
		35458BB527FC054500CAD402 /* Models */ = {
			isa = PBXGroup;
			children = (
				35458BB627FC055400CAD402 /* Card.swift */,
			);
			path = Models;
			sourceTree = "<group>";
		};
		35458BB827FC058600CAD402 /* ViewModels */ = {
			isa = PBXGroup;
			children = (
				35458BB927FC05D100CAD402 /* CardListViewModel.swift */,
				35458BC327FC08E200CAD402 /* CardViewModel.swift */,
			);
			path = ViewModels;
			sourceTree = "<group>";
		};
		35458BBB27FC069600CAD402 /* Views */ = {
			isa = PBXGroup;
			children = (
				35458BBC27FC069C00CAD402 /* Card */,
			);
			path = Views;
			sourceTree = "<group>";
		};
		35458BBC27FC069C00CAD402 /* Card */ = {
			isa = PBXGroup;
			children = (
				35458BBD27FC06CC00CAD402 /* NewCardForm.swift */,
				35458BBF27FC06E300CAD402 /* CardView.swift */,
				35458BC127FC06F300CAD402 /* CardListView.swift */,
			);
			path = Card;
			sourceTree = "<group>";
		};
		35458BC527FC0A0A00CAD402 /* Services */ = {
			isa = PBXGroup;
			children = (
				35458BC627FC0A2300CAD402 /* AuthenticationService.swift */,
			);
			path = Services;
			sourceTree = "<group>";
		};
/* End PBXGroup section */

/* Begin PBXNativeTarget section */
		35458B8F27FBFF3300CAD402 /* quizlet-ish */ = {
			isa = PBXNativeTarget;
			buildConfigurationList = 35458B9E27FBFF3500CAD402 /* Build configuration list for PBXNativeTarget "quizlet-ish" */;
			buildPhases = (
				35458B8C27FBFF3300CAD402 /* Sources */,
				35458B8D27FBFF3300CAD402 /* Frameworks */,
				35458B8E27FBFF3300CAD402 /* Resources */,
			);
			buildRules = (
			);
			dependencies = (
			);
			name = "quizlet-ish";
			packageProductDependencies = (
				35458BA427FC00A300CAD402 /* FirebaseAuth */,
				35458BA627FC00A300CAD402 /* FirebaseAuthCombine-Community */,
				35458BA827FC00A300CAD402 /* FirebaseDatabase */,
				35458BAA27FC00A300CAD402 /* FirebaseDatabaseSwift-Beta */,
				35458BAC27FC00A300CAD402 /* FirebaseFirestore */,
				35458BAE27FC00A300CAD402 /* FirebaseFirestoreCombine-Community */,
				35458BB027FC00A300CAD402 /* FirebaseFirestoreSwift-Beta */,
			);
			productName = "quizlet-ish";
			productReference = 35458B9027FBFF3300CAD402 /* quizlet-ish.app */;
			productType = "com.apple.product-type.application";
		};
/* End PBXNativeTarget section */

/* Begin PBXProject section */
		35458B8827FBFF3300CAD402 /* Project object */ = {
			isa = PBXProject;
			attributes = {
				BuildIndependentTargetsInParallel = 1;
				LastSwiftUpdateCheck = 1330;
				LastUpgradeCheck = 1330;
				TargetAttributes = {
					35458B8F27FBFF3300CAD402 = {
						CreatedOnToolsVersion = 13.3;
					};
				};
			};
			buildConfigurationList = 35458B8B27FBFF3300CAD402 /* Build configuration list for PBXProject "quizlet-ish" */;
			compatibilityVersion = "Xcode 13.0";
			developmentRegion = en;
			hasScannedForEncodings = 0;
			knownRegions = (
				en,
				Base,
			);
			mainGroup = 35458B8727FBFF3300CAD402;
			packageReferences = (
				35458BA327FC00A200CAD402 /* XCRemoteSwiftPackageReference "firebase-ios-sdk" */,
			);
			productRefGroup = 35458B9127FBFF3300CAD402 /* Products */;
			projectDirPath = "";
			projectRoot = "";
			targets = (
				35458B8F27FBFF3300CAD402 /* quizlet-ish */,
			);
		};
/* End PBXProject section */

/* Begin PBXResourcesBuildPhase section */
		35458B8E27FBFF3300CAD402 /* Resources */ = {
			isa = PBXResourcesBuildPhase;
			buildActionMask = 2147483647;
			files = (
				35458B9B27FBFF3500CAD402 /* Preview Assets.xcassets in Resources */,
				35458B9827FBFF3500CAD402 /* Assets.xcassets in Resources */,
				35458BA227FBFFD500CAD402 /* GoogleService-Info.plist in Resources */,
			);
			runOnlyForDeploymentPostprocessing = 0;
		};
/* End PBXResourcesBuildPhase section */

/* Begin PBXSourcesBuildPhase section */
		35458B8C27FBFF3300CAD402 /* Sources */ = {
			isa = PBXSourcesBuildPhase;
			buildActionMask = 2147483647;
			files = (
				35458BC027FC06E300CAD402 /* CardView.swift in Sources */,
				35458BBA27FC05D100CAD402 /* CardListViewModel.swift in Sources */,
				35458B9627FBFF3300CAD402 /* ContentView.swift in Sources */,
				35458BBE27FC06CC00CAD402 /* NewCardForm.swift in Sources */,
				35458BB427FC048900CAD402 /* CardRepository.swift in Sources */,
				35458B9427FBFF3300CAD402 /* quizlet_ishApp.swift in Sources */,
				35458BC227FC06F300CAD402 /* CardListView.swift in Sources */,
				35458BB727FC055400CAD402 /* Card.swift in Sources */,
				35458BC427FC08E200CAD402 /* CardViewModel.swift in Sources */,
				35458BC727FC0A2300CAD402 /* AuthenticationService.swift in Sources */,
			);
			runOnlyForDeploymentPostprocessing = 0;
		};
/* End PBXSourcesBuildPhase section */

/* Begin XCBuildConfiguration section */
		35458B9C27FBFF3500CAD402 /* Debug */ = {
			isa = XCBuildConfiguration;
			buildSettings = {
				ALWAYS_SEARCH_USER_PATHS = NO;
				CLANG_ANALYZER_NONNULL = YES;
				CLANG_ANALYZER_NUMBER_OBJECT_CONVERSION = YES_AGGRESSIVE;
				CLANG_CXX_LANGUAGE_STANDARD = "gnu++17";
				CLANG_ENABLE_MODULES = YES;
				CLANG_ENABLE_OBJC_ARC = YES;
				CLANG_ENABLE_OBJC_WEAK = YES;
				CLANG_WARN_BLOCK_CAPTURE_AUTORELEASING = YES;
				CLANG_WARN_BOOL_CONVERSION = YES;
				CLANG_WARN_COMMA = YES;
				CLANG_WARN_CONSTANT_CONVERSION = YES;
				CLANG_WARN_DEPRECATED_OBJC_IMPLEMENTATIONS = YES;
				CLANG_WARN_DIRECT_OBJC_ISA_USAGE = YES_ERROR;
				CLANG_WARN_DOCUMENTATION_COMMENTS = YES;
				CLANG_WARN_EMPTY_BODY = YES;
				CLANG_WARN_ENUM_CONVERSION = YES;
				CLANG_WARN_INFINITE_RECURSION = YES;
				CLANG_WARN_INT_CONVERSION = YES;
				CLANG_WARN_NON_LITERAL_NULL_CONVERSION = YES;
				CLANG_WARN_OBJC_IMPLICIT_RETAIN_SELF = YES;
				CLANG_WARN_OBJC_LITERAL_CONVERSION = YES;
				CLANG_WARN_OBJC_ROOT_CLASS = YES_ERROR;
				CLANG_WARN_QUOTED_INCLUDE_IN_FRAMEWORK_HEADER = YES;
				CLANG_WARN_RANGE_LOOP_ANALYSIS = YES;
				CLANG_WARN_STRICT_PROTOTYPES = YES;
				CLANG_WARN_SUSPICIOUS_MOVE = YES;
				CLANG_WARN_UNGUARDED_AVAILABILITY = YES_AGGRESSIVE;
				CLANG_WARN_UNREACHABLE_CODE = YES;
				CLANG_WARN__DUPLICATE_METHOD_MATCH = YES;
				COPY_PHASE_STRIP = NO;
				DEBUG_INFORMATION_FORMAT = dwarf;
				ENABLE_STRICT_OBJC_MSGSEND = YES;
				ENABLE_TESTABILITY = YES;
				GCC_C_LANGUAGE_STANDARD = gnu11;
				GCC_DYNAMIC_NO_PIC = NO;
				GCC_NO_COMMON_BLOCKS = YES;
				GCC_OPTIMIZATION_LEVEL = 0;
				GCC_PREPROCESSOR_DEFINITIONS = (
					"DEBUG=1",
					"$(inherited)",
				);
				GCC_WARN_64_TO_32_BIT_CONVERSION = YES;
				GCC_WARN_ABOUT_RETURN_TYPE = YES_ERROR;
				GCC_WARN_UNDECLARED_SELECTOR = YES;
				GCC_WARN_UNINITIALIZED_AUTOS = YES_AGGRESSIVE;
				GCC_WARN_UNUSED_FUNCTION = YES;
				GCC_WARN_UNUSED_VARIABLE = YES;
				IPHONEOS_DEPLOYMENT_TARGET = 15.4;
				MTL_ENABLE_DEBUG_INFO = INCLUDE_SOURCE;
				MTL_FAST_MATH = YES;
				ONLY_ACTIVE_ARCH = YES;
				SDKROOT = iphoneos;
				SWIFT_ACTIVE_COMPILATION_CONDITIONS = DEBUG;
				SWIFT_OPTIMIZATION_LEVEL = "-Onone";
			};
			name = Debug;
		};
		35458B9D27FBFF3500CAD402 /* Release */ = {
			isa = XCBuildConfiguration;
			buildSettings = {
				ALWAYS_SEARCH_USER_PATHS = NO;
				CLANG_ANALYZER_NONNULL = YES;
				CLANG_ANALYZER_NUMBER_OBJECT_CONVERSION = YES_AGGRESSIVE;
				CLANG_CXX_LANGUAGE_STANDARD = "gnu++17";
				CLANG_ENABLE_MODULES = YES;
				CLANG_ENABLE_OBJC_ARC = YES;
				CLANG_ENABLE_OBJC_WEAK = YES;
				CLANG_WARN_BLOCK_CAPTURE_AUTORELEASING = YES;
				CLANG_WARN_BOOL_CONVERSION = YES;
				CLANG_WARN_COMMA = YES;
				CLANG_WARN_CONSTANT_CONVERSION = YES;
				CLANG_WARN_DEPRECATED_OBJC_IMPLEMENTATIONS = YES;
				CLANG_WARN_DIRECT_OBJC_ISA_USAGE = YES_ERROR;
				CLANG_WARN_DOCUMENTATION_COMMENTS = YES;
				CLANG_WARN_EMPTY_BODY = YES;
				CLANG_WARN_ENUM_CONVERSION = YES;
				CLANG_WARN_INFINITE_RECURSION = YES;
				CLANG_WARN_INT_CONVERSION = YES;
				CLANG_WARN_NON_LITERAL_NULL_CONVERSION = YES;
				CLANG_WARN_OBJC_IMPLICIT_RETAIN_SELF = YES;
				CLANG_WARN_OBJC_LITERAL_CONVERSION = YES;
				CLANG_WARN_OBJC_ROOT_CLASS = YES_ERROR;
				CLANG_WARN_QUOTED_INCLUDE_IN_FRAMEWORK_HEADER = YES;
				CLANG_WARN_RANGE_LOOP_ANALYSIS = YES;
				CLANG_WARN_STRICT_PROTOTYPES = YES;
				CLANG_WARN_SUSPICIOUS_MOVE = YES;
				CLANG_WARN_UNGUARDED_AVAILABILITY = YES_AGGRESSIVE;
				CLANG_WARN_UNREACHABLE_CODE = YES;
				CLANG_WARN__DUPLICATE_METHOD_MATCH = YES;
				COPY_PHASE_STRIP = NO;
				DEBUG_INFORMATION_FORMAT = "dwarf-with-dsym";
				ENABLE_NS_ASSERTIONS = NO;
				ENABLE_STRICT_OBJC_MSGSEND = YES;
				GCC_C_LANGUAGE_STANDARD = gnu11;
				GCC_NO_COMMON_BLOCKS = YES;
				GCC_WARN_64_TO_32_BIT_CONVERSION = YES;
				GCC_WARN_ABOUT_RETURN_TYPE = YES_ERROR;
				GCC_WARN_UNDECLARED_SELECTOR = YES;
				GCC_WARN_UNINITIALIZED_AUTOS = YES_AGGRESSIVE;
				GCC_WARN_UNUSED_FUNCTION = YES;
				GCC_WARN_UNUSED_VARIABLE = YES;
				IPHONEOS_DEPLOYMENT_TARGET = 15.4;
				MTL_ENABLE_DEBUG_INFO = NO;
				MTL_FAST_MATH = YES;
				SDKROOT = iphoneos;
				SWIFT_COMPILATION_MODE = wholemodule;
				SWIFT_OPTIMIZATION_LEVEL = "-O";
				VALIDATE_PRODUCT = YES;
			};
			name = Release;
		};
		35458B9F27FBFF3500CAD402 /* Debug */ = {
			isa = XCBuildConfiguration;
			buildSettings = {
				ASSETCATALOG_COMPILER_APPICON_NAME = AppIcon;
				ASSETCATALOG_COMPILER_GLOBAL_ACCENT_COLOR_NAME = AccentColor;
				CODE_SIGN_STYLE = Automatic;
				CURRENT_PROJECT_VERSION = 1;
				DEVELOPMENT_ASSET_PATHS = "\"quizlet-ish/Preview Content\"";
				DEVELOPMENT_TEAM = HWXT3XBCDN;
				ENABLE_PREVIEWS = YES;
				GENERATE_INFOPLIST_FILE = YES;
				INFOPLIST_KEY_UIApplicationSceneManifest_Generation = YES;
				INFOPLIST_KEY_UIApplicationSupportsIndirectInputEvents = YES;
				INFOPLIST_KEY_UILaunchScreen_Generation = YES;
				INFOPLIST_KEY_UISupportedInterfaceOrientations_iPad = "UIInterfaceOrientationPortrait UIInterfaceOrientationPortraitUpsideDown UIInterfaceOrientationLandscapeLeft UIInterfaceOrientationLandscapeRight";
				INFOPLIST_KEY_UISupportedInterfaceOrientations_iPhone = "UIInterfaceOrientationPortrait UIInterfaceOrientationLandscapeLeft UIInterfaceOrientationLandscapeRight";
				LD_RUNPATH_SEARCH_PATHS = (
					"$(inherited)",
					"@executable_path/Frameworks",
				);
				MARKETING_VERSION = 1.0;
				PRODUCT_BUNDLE_IDENTIFIER = "com.jordanyee.quizlet-ish";
				PRODUCT_NAME = "$(TARGET_NAME)";
				SWIFT_EMIT_LOC_STRINGS = YES;
				SWIFT_VERSION = 5.0;
				TARGETED_DEVICE_FAMILY = "1,2";
			};
			name = Debug;
		};
		35458BA027FBFF3500CAD402 /* Release */ = {
			isa = XCBuildConfiguration;
			buildSettings = {
				ASSETCATALOG_COMPILER_APPICON_NAME = AppIcon;
				ASSETCATALOG_COMPILER_GLOBAL_ACCENT_COLOR_NAME = AccentColor;
				CODE_SIGN_STYLE = Automatic;
				CURRENT_PROJECT_VERSION = 1;
				DEVELOPMENT_ASSET_PATHS = "\"quizlet-ish/Preview Content\"";
				DEVELOPMENT_TEAM = HWXT3XBCDN;
				ENABLE_PREVIEWS = YES;
				GENERATE_INFOPLIST_FILE = YES;
				INFOPLIST_KEY_UIApplicationSceneManifest_Generation = YES;
				INFOPLIST_KEY_UIApplicationSupportsIndirectInputEvents = YES;
				INFOPLIST_KEY_UILaunchScreen_Generation = YES;
				INFOPLIST_KEY_UISupportedInterfaceOrientations_iPad = "UIInterfaceOrientationPortrait UIInterfaceOrientationPortraitUpsideDown UIInterfaceOrientationLandscapeLeft UIInterfaceOrientationLandscapeRight";
				INFOPLIST_KEY_UISupportedInterfaceOrientations_iPhone = "UIInterfaceOrientationPortrait UIInterfaceOrientationLandscapeLeft UIInterfaceOrientationLandscapeRight";
				LD_RUNPATH_SEARCH_PATHS = (
					"$(inherited)",
					"@executable_path/Frameworks",
				);
				MARKETING_VERSION = 1.0;
				PRODUCT_BUNDLE_IDENTIFIER = "com.jordanyee.quizlet-ish";
				PRODUCT_NAME = "$(TARGET_NAME)";
				SWIFT_EMIT_LOC_STRINGS = YES;
				SWIFT_VERSION = 5.0;
				TARGETED_DEVICE_FAMILY = "1,2";
			};
			name = Release;
		};
/* End XCBuildConfiguration section */

/* Begin XCConfigurationList section */
		35458B8B27FBFF3300CAD402 /* Build configuration list for PBXProject "quizlet-ish" */ = {
			isa = XCConfigurationList;
			buildConfigurations = (
				35458B9C27FBFF3500CAD402 /* Debug */,
				35458B9D27FBFF3500CAD402 /* Release */,
			);
			defaultConfigurationIsVisible = 0;
			defaultConfigurationName = Release;
		};
		35458B9E27FBFF3500CAD402 /* Build configuration list for PBXNativeTarget "quizlet-ish" */ = {
			isa = XCConfigurationList;
			buildConfigurations = (
				35458B9F27FBFF3500CAD402 /* Debug */,
				35458BA027FBFF3500CAD402 /* Release */,
			);
			defaultConfigurationIsVisible = 0;
			defaultConfigurationName = Release;
		};
/* End XCConfigurationList section */

/* Begin XCRemoteSwiftPackageReference section */
		35458BA327FC00A200CAD402 /* XCRemoteSwiftPackageReference "firebase-ios-sdk" */ = {
			isa = XCRemoteSwiftPackageReference;
			repositoryURL = "https://github.com/firebase/firebase-ios-sdk";
			requirement = {
				branch = master;
				kind = branch;
			};
		};
/* End XCRemoteSwiftPackageReference section */

/* Begin XCSwiftPackageProductDependency section */
		35458BA427FC00A300CAD402 /* FirebaseAuth */ = {
			isa = XCSwiftPackageProductDependency;
			package = 35458BA327FC00A200CAD402 /* XCRemoteSwiftPackageReference "firebase-ios-sdk" */;
			productName = FirebaseAuth;
		};
		35458BA627FC00A300CAD402 /* FirebaseAuthCombine-Community */ = {
			isa = XCSwiftPackageProductDependency;
			package = 35458BA327FC00A200CAD402 /* XCRemoteSwiftPackageReference "firebase-ios-sdk" */;
			productName = "FirebaseAuthCombine-Community";
		};
		35458BA827FC00A300CAD402 /* FirebaseDatabase */ = {
			isa = XCSwiftPackageProductDependency;
			package = 35458BA327FC00A200CAD402 /* XCRemoteSwiftPackageReference "firebase-ios-sdk" */;
			productName = FirebaseDatabase;
		};
		35458BAA27FC00A300CAD402 /* FirebaseDatabaseSwift-Beta */ = {
			isa = XCSwiftPackageProductDependency;
			package = 35458BA327FC00A200CAD402 /* XCRemoteSwiftPackageReference "firebase-ios-sdk" */;
			productName = "FirebaseDatabaseSwift-Beta";
		};
		35458BAC27FC00A300CAD402 /* FirebaseFirestore */ = {
			isa = XCSwiftPackageProductDependency;
			package = 35458BA327FC00A200CAD402 /* XCRemoteSwiftPackageReference "firebase-ios-sdk" */;
			productName = FirebaseFirestore;
		};
		35458BAE27FC00A300CAD402 /* FirebaseFirestoreCombine-Community */ = {
			isa = XCSwiftPackageProductDependency;
			package = 35458BA327FC00A200CAD402 /* XCRemoteSwiftPackageReference "firebase-ios-sdk" */;
			productName = "FirebaseFirestoreCombine-Community";
		};
		35458BB027FC00A300CAD402 /* FirebaseFirestoreSwift-Beta */ = {
			isa = XCSwiftPackageProductDependency;
			package = 35458BA327FC00A200CAD402 /* XCRemoteSwiftPackageReference "firebase-ios-sdk" */;
			productName = "FirebaseFirestoreSwift-Beta";
		};
/* End XCSwiftPackageProductDependency section */
	};
	rootObject = 35458B8827FBFF3300CAD402 /* Project object */;
}
